PODS:
  - Alamofire (5.4.1)
  - IQKeyboardManagerSwift (6.5.6)
  - Kingfisher (6.2.1)
  - ModelMapper (10.0.1):
    - ModelMapper/Core (= 10.0.1)
  - ModelMapper/Core (10.0.1)
  - Moya/Core (14.0.0):
    - Alamofire (~> 5.0)
  - Moya/RxSwift (14.0.0):
    - Moya/Core
    - RxSwift (~> 5.0)
  - Realm (10.7.2):
    - Realm/Headers (= 10.7.2)
  - Realm/Headers (10.7.2)
  - RealmSwift (10.7.2):
    - Realm (= 10.7.2)
  - RxCocoa (5.1.1):
    - RxRelay (~> 5)
    - RxSwift (~> 5)
  - RxGesture (3.0.2):
    - RxCocoa (~> 5.1)
    - RxSwift (~> 5.1)
  - RxRelay (5.1.1):
    - RxSwift (~> 5)
  - RxSwift (5.1.2)
  - Toast-Swift (5.0.1)
  - Toaster (2.3.0)

DEPENDENCIES:
  - IQKeyboardManagerSwift
  - Kingfisher
  - ModelMapper
  - Moya/RxSwift
  - RealmSwift
  - RxCocoa
  - RxGesture
  - RxSwift
  - Toast-Swift
  - Toaster (from `https://github.com/devxoul/Toaster`)

SPEC REPOS:
  trunk:
    - Alamofire
    - IQKeyboardManagerSwift
    - Kingfisher
    - ModelMapper
    - Moya
    - Realm
    - RealmSwift
    - RxCocoa
    - RxGesture
    - RxRelay
    - RxSwift
    - Toast-Swift

EXTERNAL SOURCES:
  Toaster:
    :git: https://github.com/devxoul/Toaster

CHECKOUT OPTIONS:
  Toaster:
    :commit: b4fa1aa8d9231ea62dac5c3255f4313d727d22a4
    :git: https://github.com/devxoul/Toaster

SPEC CHECKSUMS:
  Alamofire: 2291f7d21ca607c491dd17642e5d40fdcda0e65c
  IQKeyboardManagerSwift: c7df9d2deb356c04522f5c4b7b6e4ce4d8ed94fe
  Kingfisher: e71c6fac2aebb1262888cabc2cb13d313362a48f
  ModelMapper: 0f68dd4300d0e27290c70f66492c7f795da21bcf
  Moya: 5b45dacb75adb009f97fde91c204c1e565d31916
  Realm: e523da9ade306c5ae87e85dc09fdef148d3e1cc1
  RealmSwift: 4f6758c3adbdcc87f7b7777107226532a077f61c
  RxCocoa: 32065309a38d29b5b0db858819b5bf9ef038b601
  RxGesture: d6bd7447ca3a596c7a9702a6a2b6a2bb5d8bae54
  RxRelay: d77f7d771495f43c556cbc43eebd1bb54d01e8e9
  RxSwift: 1e2e1f9570186967f617e49128ed26ccf1bafc8e
  Toast-Swift: 9b6a70f28b3bf0b96c40d46c0c4b9d6639846711
  Toaster: c3473963c78e8cabbf6ea6f11ad0fdaae6f54987

PODFILE CHECKSUM: d0947f642361b8b9aaacb94fb7ae53d918aee7ed

COCOAPODS: 1.10.1
